
Microsoft Visual Studio Solution File, Format Version 12.00
Project("{FAE04EC0-301F-11D3-BF4B-00C04F79EFBC}") = "Bowling", "Bowling\Bowling.csproj", "{715AABA4-6BBF-4013-8682-A39493FD0B76}"
EndProject
Project("{FAE04EC0-301F-11D3-BF4B-00C04F79EFBC}") = "Bowling.Test", "Bowling.Test\Bowling.Test.csproj", "{DB8B3B6B-7572-468F-9A03-F706E93C8938}"
EndProject
Global
	GlobalSection(SolutionConfigurationPlatforms) = preSolution
		Debug|Any CPU = Debug|Any CPU
		Release|Any CPU = Release|Any CPU
	EndGlobalSection
	GlobalSection(ProjectConfigurationPlatforms) = postSolution
		{715AABA4-6BBF-4013-8682-A39493FD0B76}.Debug|Any CPU.ActiveCfg = Debug|Any CPU
		{715AABA4-6BBF-4013-8682-A39493FD0B76}.Debug|Any CPU.Build.0 = Debug|Any CPU
		{715AABA4-6BBF-4013-8682-A39493FD0B76}.Release|Any CPU.ActiveCfg = Release|Any CPU
		{715AABA4-6BBF-4013-8682-A39493FD0B76}.Release|Any CPU.Build.0 = Release|Any CPU
		{DB8B3B6B-7572-468F-9A03-F706E93C8938}.Debug|Any CPU.ActiveCfg = Debug|Any CPU
		{DB8B3B6B-7572-468F-9A03-F706E93C8938}.Debug|Any CPU.Build.0 = Debug|Any CPU
		{DB8B3B6B-7572-468F-9A03-F706E93C8938}.Release|Any CPU.ActiveCfg = Release|Any CPU
		{DB8B3B6B-7572-468F-9A03-F706E93C8938}.Release|Any CPU.Build.0 = Release|Any CPU
	EndGlobalSection
EndGlobal
